// !$*UTF8*$!
{
	archiveVersion = 1;
	classes = {
	};
	objectVersion = 46;
	objects = {

/* Begin PBXBuildFile section */
		964F328E1DCAAD820019A76C /* AppDelegate.swift in Sources */ = {isa = PBXBuildFile; fileRef = 964F328D1DCAAD820019A76C /* AppDelegate.swift */; };
		964F32901DCAAD820019A76C /* ViewController.swift in Sources */ = {isa = PBXBuildFile; fileRef = 964F328F1DCAAD820019A76C /* ViewController.swift */; };
		964F32931DCAAD820019A76C /* Main.storyboard in Resources */ = {isa = PBXBuildFile; fileRef = 964F32911DCAAD820019A76C /* Main.storyboard */; };
		964F32951DCAAD830019A76C /* Assets.xcassets in Resources */ = {isa = PBXBuildFile; fileRef = 964F32941DCAAD830019A76C /* Assets.xcassets */; };
		964F32981DCAAD830019A76C /* LaunchScreen.storyboard in Resources */ = {isa = PBXBuildFile; fileRef = 964F32961DCAAD830019A76C /* LaunchScreen.storyboard */; };
/* End PBXBuildFile section */

/* Begin PBXFileReference section */
		964F328A1DCAAD820019A76C /* poem.app */ = {isa = PBXFileReference; explicitFileType = wrapper.application; includeInIndex = 0; path = poem.app; sourceTree = BUILT_PRODUCTS_DIR; };
		964F328D1DCAAD820019A76C /* AppDelegate.swift */ = {isa = PBXFileReference; lastKnownFileType = sourcecode.swift; path = AppDelegate.swift; sourceTree = "<group>"; };
		964F328F1DCAAD820019A76C /* ViewController.swift */ = {isa = PBXFileReference; lastKnownFileType = sourcecode.swift; path = ViewController.swift; sourceTree = "<group>"; };
		964F32921DCAAD820019A76C /* Base */ = {isa = PBXFileReference; lastKnownFileType = file.storyboard; name = Base; path = Base.lproj/Main.storyboard; sourceTree = "<group>"; };
		964F32941DCAAD830019A76C /* Assets.xcassets */ = {isa = PBXFileReference; lastKnownFileType = folder.assetcatalog; path = Assets.xcassets; sourceTree = "<group>"; };
		964F32971DCAAD830019A76C /* Base */ = {isa = PBXFileReference; lastKnownFileType = file.storyboard; name = Base; path = Base.lproj/LaunchScreen.storyboard; sourceTree = "<group>"; };
		964F32991DCAAD830019A76C /* Info.plist */ = {isa = PBXFileReference; lastKnownFileType = text.plist.xml; path = Info.plist; sourceTree = "<group>"; };
/* End PBXFileReference section */

/* Begin PBXFrameworksBuildPhase section */
		964F32871DCAAD810019A76C /* Frameworks */ = {
			isa = PBXFrameworksBuildPhase;
			buildActionMask = 2147483647;
			files = (
			);
			runOnlyForDeploymentPostprocessing = 0;
		};
/* End PBXFrameworksBuildPhase section */

/* Begin PBXGroup section */
		964F32811DCAAD810019A76C = {
			isa = PBXGroup;
			children = (
				964F328C1DCAAD820019A76C /* poem */,
				964F328B1DCAAD820019A76C /* Products */,
			);
			sourceTree = "<group>";
		};
		964F328B1DCAAD820019A76C /* Products */ = {
			isa = PBXGroup;
			children = (
				964F328A1DCAAD820019A76C /* poem.app */,
			);
			name = Products;
			sourceTree = "<group>";
		};
		964F328C1DCAAD820019A76C /* poem */ = {
			isa = PBXGroup;
			children = (
				964F328D1DCAAD820019A76C /* AppDelegate.swift */,
				964F328F1DCAAD820019A76C /* ViewController.swift */,
				964F32911DCAAD820019A76C /* Main.storyboard */,
				964F32941DCAAD830019A76C /* Assets.xcassets */,
				964F32961DCAAD830019A76C /* LaunchScreen.storyboard */,
				964F32991DCAAD830019A76C /* Info.plist */,
			);
			path = poem;
			sourceTree = "<group>";
		};
/* End PBXGroup section */

/* Begin PBXNativeTarget section */
		964F32891DCAAD810019A76C /* poem */ = {
			isa = PBXNativeTarget;
			buildConfigurationList = 964F329C1DCAAD830019A76C /* Build configuration list for PBXNativeTarget "poem" */;
			buildPhases = (
				964F32861DCAAD810019A76C /* Sources */,
				964F32871DCAAD810019A76C /* Frameworks */,
				964F32881DCAAD810019A76C /* Resources */,
			);
			buildRules = (
			);
			dependencies = (
			);
			name = poem;
			productName = poem;
			productReference = 964F328A1DCAAD820019A76C /* poem.app */;
			productType = "com.apple.product-type.application";
		};
/* End PBXNativeTarget section */

/* Begin PBXProject section */
		964F32821DCAAD810019A76C /* Project object */ = {
			isa = PBXProject;
			attributes = {
				LastSwiftUpdateCheck = 0800;
				LastUpgradeCheck = 0800;
				ORGANIZATIONNAME = JASON;
				TargetAttributes = {
					964F32891DCAAD810019A76C = {
						CreatedOnToolsVersion = 8.0;
						ProvisioningStyle = Automatic;
					};
				};
			};
			buildConfigurationList = 964F32851DCAAD810019A76C /* Build configuration list for PBXProject "poem" */;
			compatibilityVersion = "Xcode 3.2";
			developmentRegion = English;
			hasScannedForEncodings = 0;
			knownRegions = (
				en,
				Base,
			);
			mainGroup = 964F32811DCAAD810019A76C;
			productRefGroup = 964F328B1DCAAD820019A76C /* Products */;
			projectDirPath = "";
			projectRoot = "";
			targets = (
				964F32891DCAAD810019A76C /* poem */,
			);
		};
/* End PBXProject section */

/* Begin PBXResourcesBuildPhase section */
		964F32881DCAAD810019A76C /* Resources */ = {
			isa = PBXResourcesBuildPhase;
			buildActionMask = 2147483647;
			files = (
				964F32981DCAAD830019A76C /* LaunchScreen.storyboard in Resources */,
				964F32951DCAAD830019A76C /* Assets.xcassets in Resources */,
				964F32931DCAAD820019A76C /* Main.storyboard in Resources */,
			);
			runOnlyForDeploymentPostprocessing = 0;
		};
/* End PBXResourcesBuildPhase section */

/* Begin PBXSourcesBuildPhase section */
		964F32861DCAAD810019A76C /* Sources */ = {
			isa = PBXSourcesBuildPhase;
			buildActionMask = 2147483647;
			files = (
				964F32901DCAAD820019A76C /* ViewController.swift in Sources */,
				964F328E1DCAAD820019A76C /* AppDelegate.swift in Sources */,
			);
			runOnlyForDeploymentPostprocessing = 0;
		};
/* End PBXSourcesBuildPhase section */

/* Begin PBXVariantGroup section */
		964F32911DCAAD820019A76C /* Main.storyboard */ = {
			isa = PBXVariantGroup;
			children = (
				964F32921DCAAD820019A76C /* Base */,
			);
			name = Main.storyboard;
			sourceTree = "<group>";
		};
		964F32961DCAAD830019A76C /* LaunchScreen.storyboard */ = {
			isa = PBXVariantGroup;
			children = (
				964F32971DCAAD830019A76C /* Base */,
			);
			name = LaunchScreen.storyboard;
			sourceTree = "<group>";
		};
/* End PBXVariantGroup section */

/* Begin XCBuildConfiguration section */
		964F329A1DCAAD830019A76C /* Debug */ = {
			isa = XCBuildConfiguration;
			buildSettings = {
				ALWAYS_SEARCH_USER_PATHS = NO;
				CLANG_ANALYZER_NONNULL = YES;
				CLANG_CXX_LANGUAGE_STANDARD = "gnu++0x";
				CLANG_CXX_LIBRARY = "libc++";
				CLANG_ENABLE_MODULES = YES;
				CLANG_ENABLE_OBJC_ARC = YES;
				CLANG_WARN_BOOL_CONVERSION = YES;
				CLANG_WARN_CONSTANT_CONVERSION = YES;
				CLANG_WARN_DIRECT_OBJC_ISA_USAGE = YES_ERROR;
				CLANG_WARN_DOCUMENTATION_COMMENTS = YES;
				CLANG_WARN_EMPTY_BODY = YES;
				CLANG_WARN_ENUM_CONVERSION = YES;
				CLANG_WARN_INFINITE_RECURSION = YES;
				CLANG_WARN_INT_CONVERSION = YES;
				CLANG_WARN_OBJC_ROOT_CLASS = YES_ERROR;
				CLANG_WARN_SUSPICIOUS_MOVES = YES;
				CLANG_WARN_UNREACHABLE_CODE = YES;
				CLANG_WARN__DUPLICATE_METHOD_MATCH = YES;
				"CODE_SIGN_IDENTITY[sdk=iphoneos*]" = "iPhone Developer";
				COPY_PHASE_STRIP = NO;
				DEBUG_INFORMATION_FORMAT = dwarf;
				ENABLE_STRICT_OBJC_MSGSEND = YES;
				ENABLE_TESTABILITY = YES;
				GCC_C_LANGUAGE_STANDARD = gnu99;
				GCC_DYNAMIC_NO_PIC = NO;
				GCC_NO_COMMON_BLOCKS = YES;
				GCC_OPTIMIZATION_LEVEL = 0;
				GCC_PREPROCESSOR_DEFINITIONS = (
					"DEBUG=1",
					"$(inherited)",
				);
				GCC_WARN_64_TO_32_BIT_CONVERSION = YES;
				GCC_WARN_ABOUT_RETURN_TYPE = YES_ERROR;
				GCC_WARN_UNDECLARED_SELECTOR = YES;
				GCC_WARN_UNINITIALIZED_AUTOS = YES_AGGRESSIVE;
				GCC_WARN_UNUSED_FUNCTION = YES;
				GCC_WARN_UNUSED_VARIABLE = YES;
				IPHONEOS_DEPLOYMENT_TARGET = 10.0;
				MTL_ENABLE_DEBUG_INFO = YES;
				ONLY_ACTIVE_ARCH = YES;
				SDKROOT = iphoneos;
				SWIFT_ACTIVE_COMPILATION_CONDITIONS = DEBUG;
				SWIFT_OPTIMIZATION_LEVEL = "-Onone";
			};
			name = Debug;
		};
		964F329B1DCAAD830019A76C /* Release */ = {
			isa = XCBuildConfiguration;
			buildSettings = {
				ALWAYS_SEARCH_USER_PATHS = NO;
				CLANG_ANALYZER_NONNULL = YES;
				CLANG_CXX_LANGUAGE_STANDARD = "gnu++0x";
				CLANG_CXX_LIBRARY = "libc++";
				CLANG_ENABLE_MODULES = YES;
				CLANG_ENABLE_OBJC_ARC = YES;
				CLANG_WARN_BOOL_CONVERSION = YES;
				CLANG_WARN_CONSTANT_CONVERSION = YES;
				CLANG_WARN_DIRECT_OBJC_ISA_USAGE = YES_ERROR;
				CLANG_WARN_DOCUMENTATION_COMMENTS = YES;
				CLANG_WARN_EMPTY_BODY = YES;
				CLANG_WARN_ENUM_CONVERSION = YES;
				CLANG_WARN_INFINITE_RECURSION = YES;
				CLANG_WARN_INT_CONVERSION = YES;
				CLANG_WARN_OBJC_ROOT_CLASS = YES_ERROR;
				CLANG_WARN_SUSPICIOUS_MOVES = YES;
				CLANG_WARN_UNREACHABLE_CODE = YES;
				CLANG_WARN__DUPLICATE_METHOD_MATCH = YES;
				"CODE_SIGN_IDENTITY[sdk=iphoneos*]" = "iPhone Developer";
				COPY_PHASE_STRIP = NO;
				DEBUG_INFORMATION_FORMAT = "dwarf-with-dsym";
				ENABLE_NS_ASSERTIONS = NO;
				ENABLE_STRICT_OBJC_MSGSEND = YES;
				GCC_C_LANGUAGE_STANDARD = gnu99;
				GCC_NO_COMMON_BLOCKS = YES;
				GCC_WARN_64_TO_32_BIT_CONVERSION = YES;
				GCC_WARN_ABOUT_RETURN_TYPE = YES_ERROR;
				GCC_WARN_UNDECLARED_SELECTOR = YES;
				GCC_WARN_UNINITIALIZED_AUTOS = YES_AGGRESSIVE;
				GCC_WARN_UNUSED_FUNCTION = YES;
				GCC_WARN_UNUSED_VARIABLE = YES;
				IPHONEOS_DEPLOYMENT_TARGET = 10.0;
				MTL_ENABLE_DEBUG_INFO = NO;
				SDKROOT = iphoneos;
				SWIFT_OPTIMIZATION_LEVEL = "-Owholemodule";
				VALIDATE_PRODUCT = YES;
			};
			name = Release;
		};
		964F329D1DCAAD830019A76C /* Debug */ = {
			isa = XCBuildConfiguration;
			buildSettings = {
				ASSETCATALOG_COMPILER_APPICON_NAME = AppIcon;
				INFOPLIST_FILE = poem/Info.plist;
				LD_RUNPATH_SEARCH_PATHS = "$(inherited) @executable_path/Frameworks";
				PRODUCT_BUNDLE_IDENTIFIER = JASON.poem;
				PRODUCT_NAME = "$(TARGET_NAME)";
				SWIFT_VERSION = 3.0;
			};
			name = Debug;
		};
		964F329E1DCAAD830019A76C /* Release */ = {
			isa = XCBuildConfiguration;
			buildSettings = {
				ASSETCATALOG_COMPILER_APPICON_NAME = AppIcon;
				INFOPLIST_FILE = poem/Info.plist;
				LD_RUNPATH_SEARCH_PATHS = "$(inherited) @executable_path/Frameworks";
				PRODUCT_BUNDLE_IDENTIFIER = JASON.poem;
				PRODUCT_NAME = "$(TARGET_NAME)";
				SWIFT_VERSION = 3.0;
			};
			name = Release;
		};
/* End XCBuildConfiguration section */

/* Begin XCConfigurationList section */
		964F32851DCAAD810019A76C /* Build configuration list for PBXProject "poem" */ = {
			isa = XCConfigurationList;
			buildConfigurations = (
				964F329A1DCAAD830019A76C /* Debug */,
				964F329B1DCAAD830019A76C /* Release */,
			);
			defaultConfigurationIsVisible = 0;
			defaultConfigurationName = Release;
		};
		964F329C1DCAAD830019A76C /* Build configuration list for PBXNativeTarget "poem" */ = {
			isa = XCConfigurationList;
			buildConfigurations = (
				964F329D1DCAAD830019A76C /* Debug */,
				964F329E1DCAAD830019A76C /* Release */,
			);
			defaultConfigurationIsVisible = 0;
		};
/* End XCConfigurationList section */
	};
	rootObject = 964F32821DCAAD810019A76C /* Project object */;
}
